{
  "nodes": {
    "emacs-overlay": {
      "inputs": {
        "flake-utils": "flake-utils",
        "nixpkgs": "nixpkgs"
      },
      "locked": {
        "lastModified": 1660329097,
        "narHash": "sha256-yE8qvJ+NhtZxS2dEhjr5ZPLgvzrjyiEO2j24IoB2pj8=",
        "owner": "nix-community",
        "repo": "emacs-overlay",
        "rev": "c87ea178146721cc5c3bdb2f0e09e5ed74602f84",
        "type": "github"
      },
      "original": {
        "owner": "nix-community",
        "repo": "emacs-overlay",
        "type": "github"
      }
    },
    "flake-utils": {
      "locked": {
        "lastModified": 1659877975,
        "narHash": "sha256-zllb8aq3YO3h8B/U0/J1WBgAL8EX5yWf5pMj3G0NAmc=",
        "owner": "numtide",
        "repo": "flake-utils",
        "rev": "c0e246b9b83f637f4681389ecabcb2681b4f3af0",
        "type": "github"
      },
      "original": {
        "owner": "numtide",
        "repo": "flake-utils",
        "type": "github"
      }
    },
    "flake-utils_2": {
      "locked": {
        "lastModified": 1659877975,
        "narHash": "sha256-zllb8aq3YO3h8B/U0/J1WBgAL8EX5yWf5pMj3G0NAmc=",
        "owner": "numtide",
        "repo": "flake-utils",
        "rev": "c0e246b9b83f637f4681389ecabcb2681b4f3af0",
        "type": "github"
      },
      "original": {
        "owner": "numtide",
        "repo": "flake-utils",
        "type": "github"
      }
    },
    "home-manager": {
      "inputs": {
        "nixpkgs": [
          "nixpkgs"
        ],
        "utils": "utils"
      },
      "locked": {
        "lastModified": 1676257154,
        "narHash": "sha256-eW3jymNLpdxS5fkp9NWKyNtgL0Gqtgg1vCTofKXDF1g=",
        "owner": "nix-community",
        "repo": "home-manager",
        "rev": "2cb27c79117a2a75ff3416c3199a2dc57af6a527",
        "type": "github"
      },
      "original": {
        "owner": "nix-community",
        "ref": "release-22.11",
        "repo": "home-manager",
        "type": "github"
      }
    },
    "nixos-hardware": {
      "locked": {
        "lastModified": 1676924492,
        "narHash": "sha256-78278eyP55JRFe7UCpmFwdkrTY6H2arzTpVeteWo8kM=",
        "owner": "NixOS",
        "repo": "nixos-hardware",
        "rev": "d24ea777c57b69c6b143cf11d83184ef71b0dbbf",
        "type": "github"
      },
      "original": {
        "owner": "NixOS",
        "ref": "master",
        "repo": "nixos-hardware",
        "type": "github"
      }
    },
    "nixpkgs": {
      "locked": {
        "lastModified": 1660227034,
        "narHash": "sha256-bXMlG/YU0IjAod6M625XT1YbUG+/3L9ypk9llYpKeuM=",
        "owner": "NixOS",
        "repo": "nixpkgs",
        "rev": "964d60ff2e6bc76c0618962da52859603784fa78",
        "type": "github"
      },
      "original": {
        "id": "nixpkgs",
        "type": "indirect"
      }
    },
    "nixpkgs-unstable": {
      "locked": {
        "lastModified": 1677050843,
        "narHash": "sha256-3fcFxn58eCtrXrVPeW/nAg6NR5wUERVEf8zOtjPDzuM=",
        "owner": "NixOS",
        "repo": "nixpkgs",
        "rev": "9e0eed654c705c7cafe192a8eba1610217f70544",
        "type": "github"
      },
      "original": {
        "id": "nixpkgs",
        "ref": "nixpkgs-unstable",
        "type": "indirect"
      }
    },
    "nixpkgs_2": {
      "locked": {
        "lastModified": 1676998680,
        "narHash": "sha256-61gxdL3bqHWnRSiYq+sKWbSX6tuwaRnYfPvhpRK011s=",
        "owner": "NixOS",
        "repo": "nixpkgs",
        "rev": "a3d745e701c337e65ef467d5a9400d9336a303a1",
        "type": "github"
      },
      "original": {
        "id": "nixpkgs",
        "ref": "nixos-22.11",
        "type": "indirect"
      }
    },
    "nixpkgs_3": {
      "locked": {
        "lastModified": 1670242877,
        "narHash": "sha256-jBLh7dRHnbfvPPA9znOC6oQfKrCPJ0El8Zoe0BqnCjQ=",
        "owner": "nixos",
        "repo": "nixpkgs",
        "rev": "6e51c97f1c849efdfd4f3b78a4870e6aa2da4198",
        "type": "github"
      },
      "original": {
        "owner": "nixos",
        "ref": "nixos-unstable",
        "repo": "nixpkgs",
        "type": "github"
      }
    },
    "nur": {
      "locked": {
        "lastModified": 1660328736,
        "narHash": "sha256-1Lq9nzcp0cMYyYorB2RpJC5l8FkqZ1IAnj3BCiZG7KI=",
        "owner": "nix-community",
        "repo": "NUR",
        "rev": "a3ef090f19b2a0c8083b6e5ae8c26be151fb280b",
        "type": "github"
      },
      "original": {
        "owner": "nix-community",
        "repo": "NUR",
        "type": "github"
      }
    },
    "nvim": {
      "inputs": {
        "flake-utils": "flake-utils_2",
        "nixpkgs": "nixpkgs_3"
      },
      "locked": {
        "dir": "contrib",
        "lastModified": 1663837773,
        "narHash": "sha256-/Jj1b+2kaICVoxTImNeYjmE0QuLCg0u/vMVHPFSZ0Wc=",
        "owner": "neovim",
        "repo": "neovim",
        "rev": "7fc5f6605fb3de361c970a1d22a42a905a072a0c",
        "type": "github"
      },
      "original": {
        "dir": "contrib",
        "owner": "neovim",
        "repo": "neovim",
        "type": "github"
      }
    },
    "root": {
      "inputs": {
        "emacs-overlay": "emacs-overlay",
        "home-manager": "home-manager",
        "nixos-hardware": "nixos-hardware",
        "nixpkgs": "nixpkgs_2",
        "nixpkgs-unstable": "nixpkgs-unstable",
        "nur": "nur",
        "nvim": "nvim",
        "solbera-dnd-fonts": "solbera-dnd-fonts"
      }
    },
    "solbera-dnd-fonts": {
      "flake": false,
      "locked": {
        "lastModified": 1642034981,
        "narHash": "sha256-2lAT81u3J+4gkALvexvoyYTzfmkr/TieK7jJcbYw+9o=",
        "owner": "jonathonf",
        "repo": "solbera-dnd-fonts",
        "rev": "ac09e26d274993653b652e9285c8b1fb67fbe183",
        "type": "github"
      },
      "original": {
        "owner": "jonathonf",
        "repo": "solbera-dnd-fonts",
        "type": "github"
      }
    },
    "utils": {
      "locked": {
        "lastModified": 1667395993,
        "narHash": "sha256-nuEHfE/LcWyuSWnS8t12N1wc105Qtau+/OdUAjtQ0rA=",
        "owner": "numtide",
        "repo": "flake-utils",
        "rev": "5aed5285a952e0b949eb3ba02c12fa4fcfef535f",
        "type": "github"
      },
      "original": {
        "owner": "numtide",
        "repo": "flake-utils",
        "type": "github"
      }
    }
  },
  "root": "root",
  "version": 7
}
