{
  "nodes": {
    "emacs-overlay": {
      "locked": {
        "lastModified": 1637515331,
        "narHash": "sha256-fLfycI+PrBeRaP8CRdlxj3Kkqib+YlPdQIFCUAoj56w=",
        "owner": "nix-community",
        "repo": "emacs-overlay",
        "rev": "86ceb863bc9cca9150666acce49ee2fe50e73cb0",
        "type": "github"
      },
      "original": {
        "owner": "nix-community",
        "repo": "emacs-overlay",
        "type": "github"
      }
    },
    "home-manager": {
      "inputs": {
        "nixpkgs": [
          "nixpkgs"
        ]
      },
      "locked": {
        "lastModified": 1637019201,
        "narHash": "sha256-lq4gz51fx4m5FXfx1SCB444aEBeaYtLMVm3P18Wi9ls=",
        "owner": "nix-community",
        "repo": "home-manager",
        "rev": "bcf03fa16a1f06b8a0abb27bf49afa8d6fffe8f1",
        "type": "github"
      },
      "original": {
        "owner": "nix-community",
        "ref": "release-21.05",
        "repo": "home-manager",
        "type": "github"
      }
    },
    "nixpkgs": {
      "locked": {
        "lastModified": 1637316267,
        "narHash": "sha256-hfAA/0W3tycKKOSwP7Xt6FXLG9h/FgCu45wdGubHtV0=",
        "owner": "NixOS",
        "repo": "nixpkgs",
        "rev": "24528474d2b3370f2f23879a557ae2cc92a5d50b",
        "type": "github"
      },
      "original": {
        "id": "nixpkgs",
        "ref": "nixos-21.05",
        "type": "indirect"
      }
    },
    "nixpkgs-unstable": {
      "locked": {
        "lastModified": 1637453606,
        "narHash": "sha256-Gy6cwUswft9xqsjWxFYEnx/63/qzaFUwatcbV5GF/GQ=",
        "owner": "NixOS",
        "repo": "nixpkgs",
        "rev": "8afc4e543663ca0a6a4f496262cd05233737e732",
        "type": "github"
      },
      "original": {
        "id": "nixpkgs",
        "ref": "nixpkgs-unstable",
        "type": "indirect"
      }
    },
    "nur": {
      "locked": {
        "lastModified": 1637503460,
        "narHash": "sha256-ce0I7XY8Qgu6cM1A5aplTr6asKhh+MIS15FSpOPpnNw=",
        "owner": "nix-community",
        "repo": "NUR",
        "rev": "e305fd43f4fce04f47bc5ded6086a619fe4f9da1",
        "type": "github"
      },
      "original": {
        "owner": "nix-community",
        "repo": "NUR",
        "type": "github"
      }
    },
    "root": {
      "inputs": {
        "emacs-overlay": "emacs-overlay",
        "home-manager": "home-manager",
        "nixpkgs": "nixpkgs",
        "nixpkgs-unstable": "nixpkgs-unstable",
        "nur": "nur",
        "solbera-dnd-fonts": "solbera-dnd-fonts"
      }
    },
    "solbera-dnd-fonts": {
      "flake": false,
      "locked": {
        "lastModified": 1637447452,
        "narHash": "sha256-uecDjApuqxPBhDDm031m/jiGtn85QG3ypSP3Qq2TtT4=",
        "owner": "jonathonf",
        "repo": "solbera-dnd-fonts",
        "rev": "e164da87d817d0595cccf3e79562748346a7b84e",
        "type": "github"
      },
      "original": {
        "owner": "jonathonf",
        "repo": "solbera-dnd-fonts",
        "type": "github"
      }
    }
  },
  "root": "root",
  "version": 7
}
