{
  "nodes": {
    "emacs-overlay": {
      "locked": {
        "lastModified": 1649215647,
        "narHash": "sha256-OOOxN5fw7J8gVJGiFze8gb+8+g/HMzyRC5GQFnM34RI=",
        "owner": "nix-community",
        "repo": "emacs-overlay",
        "rev": "b51e1bbca6109b7750d71b5f01f0fb20dde02217",
        "type": "github"
      },
      "original": {
        "owner": "nix-community",
        "repo": "emacs-overlay",
        "type": "github"
      }
    },
    "home-manager": {
      "inputs": {
        "nixpkgs": [
          "nixpkgs"
        ]
      },
      "locked": {
        "lastModified": 1646616315,
        "narHash": "sha256-A1g4AjM/4kVWBzfCx9HqCszVFlcsk+C9NHG3X6hRjaI=",
        "owner": "nix-community",
        "repo": "home-manager",
        "rev": "454abeb5a891b2b56f10a30f2a846e8341cbfe9b",
        "type": "github"
      },
      "original": {
        "owner": "nix-community",
        "ref": "release-21.05",
        "repo": "home-manager",
        "type": "github"
      }
    },
    "nixpkgs": {
      "locked": {
        "lastModified": 1645296114,
        "narHash": "sha256-y53N7TyIkXsjMpOG7RhvqJFGDacLs9HlyHeSTBioqYU=",
        "owner": "NixOS",
        "repo": "nixpkgs",
        "rev": "530a53dcbc9437363471167a5e4762c5fcfa34a1",
        "type": "github"
      },
      "original": {
        "id": "nixpkgs",
        "ref": "nixos-21.05",
        "type": "indirect"
      }
    },
    "nixpkgs-unstable": {
      "locked": {
        "lastModified": 1648219316,
        "narHash": "sha256-Ctij+dOi0ZZIfX5eMhgwugfvB+WZSrvVNAyAuANOsnQ=",
        "owner": "NixOS",
        "repo": "nixpkgs",
        "rev": "30d3d79b7d3607d56546dd2a6b49e156ba0ec634",
        "type": "github"
      },
      "original": {
        "id": "nixpkgs",
        "ref": "nixpkgs-unstable",
        "type": "indirect"
      }
    },
    "nur": {
      "locked": {
        "lastModified": 1649226189,
        "narHash": "sha256-N72OMUAMmuVJyNkgGRPRJrcK3pKQ4/jSuR9I0O5KmhI=",
        "owner": "nix-community",
        "repo": "NUR",
        "rev": "61aaec5ca04e4d862d14c1563d7076768f83debf",
        "type": "github"
      },
      "original": {
        "owner": "nix-community",
        "repo": "NUR",
        "type": "github"
      }
    },
    "root": {
      "inputs": {
        "emacs-overlay": "emacs-overlay",
        "home-manager": "home-manager",
        "nixpkgs": "nixpkgs",
        "nixpkgs-unstable": "nixpkgs-unstable",
        "nur": "nur",
        "solbera-dnd-fonts": "solbera-dnd-fonts"
      }
    },
    "solbera-dnd-fonts": {
      "flake": false,
      "locked": {
        "lastModified": 1642034981,
        "narHash": "sha256-2lAT81u3J+4gkALvexvoyYTzfmkr/TieK7jJcbYw+9o=",
        "owner": "jonathonf",
        "repo": "solbera-dnd-fonts",
        "rev": "ac09e26d274993653b652e9285c8b1fb67fbe183",
        "type": "github"
      },
      "original": {
        "owner": "jonathonf",
        "repo": "solbera-dnd-fonts",
        "type": "github"
      }
    }
  },
  "root": "root",
  "version": 7
}
