{
  "name": "theme",
  "requires": true,
  "lockfileVersion": 1,
  "dependencies": {
    "@wessberg/color": {
      "version": "1.0.5",
      "resolved": "https://registry.npmjs.org/@wessberg/color/-/color-1.0.5.tgz",
      "integrity": "sha512-Df6kHsgbPn+9waCMlFM9yn1kk5CJCw6rQxFsBPzH5UWHL/MLMGG3sj3dvBDojpP2nX1OhJto5oXWsvTesSonmg=="
    }
  }
}
